fyne.io/fyne/v2 v2.3.4 h1:CL8LBUoct2K3EF7Q7NdcDrDMcb3OrNJTghLYTFF400Q=
fyne.io/fyne/v2 v2.3.4/go.mod h1:X2+NrR+62mvAiAt2fwKT7035zQsE77KVV1NlvWo4vW8=
fyne.io/systray v1.10.1-0.20230403195833-7dc3c09283d6 h1:lHt8dm97Uy9ggtnt9N6XOlsp76wXmRAh3SjReWm1e2Q=
fyne.io/systray v1.10.1-0.20230403195833-7dc3c09283d6/go.mod h1:oM2AQqGJ1AMo4nNqZFYU8xYygSBZkW2hmdJ7n4yjedE=
github.com/davecgh/go-spew v1.1.1 h1:vj9j/u1bqnvCEfJOwUhtlOARqs3+rkHYY13jYWTU97c=
github.com/davecgh/go-spew v1.1.1/go.mod h1:J7Y8YcW2NihsgmVo/mv3lAwl/skON4iLHjSsI+c5H38=
github.com/fredbi/uri v0.1.0 h1:8XBBD74STBLcWJ5smjEkKCZivSxSKMhFB0FbQUKeNyM=
github.com/fredbi/uri v0.1.0/go.mod h1:1xC40RnIOGCaQzswaOvrzvG/3M3F0hyDVb3aO/1iGy0=
github.com/fsnotify/fsnotify v1.5.4 h1:jRbGcIw6P2Meqdwuo0H1p6JVLbL5DHKAKlYndzMwVZI=
github.com/fsnotify/fsnotify v1.5.4/go.mod h1:OVB6XrOHzAwXMpEM7uPOzcehqUV2UqJxmVXmkdnm1bU=
github.com/fyne-io/gl-js v0.0.0-20220119005834-d2da28d9ccfe h1:A/wiwvQ0CAjPkuJytaD+SsXkPU0asQ+guQEIg1BJGX4=
github.com/fyne-io/gl-js v0.0.0-20220119005834-d2da28d9ccfe/go.mod h1:d4clgH0/GrRwWjRzJJQXxT/h1TyuNSfF/X64zb/3Ggg=
github.com/fyne-io/glfw-js v0.0.0-20220120001248-ee7290d23504 h1:+31CdF/okdokeFNoy9L/2PccG3JFidQT3ev64/r4pYU=
github.com/fyne-io/glfw-js v0.0.0-20220120001248-ee7290d23504/go.mod h1:gLRWYfYnMA9TONeppRSikMdXlHQ97xVsPojddUv3b/E=
github.com/fyne-io/image v0.0.0-20220602074514-4956b0afb3d2 h1:hnLq+55b7Zh7/2IRzWCpiTcAvjv/P8ERF+N7+xXbZhk=
github.com/fyne-io/image v0.0.0-20220602074514-4956b0afb3d2/go.mod h1:eO7W361vmlPOrykIg+Rsh1SZ3tQBaOsfzZhsIOb/Lm0=
github.com/go-gl/gl v0.0.0-20211210172815-726fda9656d6 h1:zDw5v7qm4yH7N8C8uWd+8Ii9rROdgWxQuGoJ9WDXxfk=
github.com/go-gl/gl v0.0.0-20211210172815-726fda9656d6/go.mod h1:9YTyiznxEY1fVinfM7RvRcjRHbw2xLBJ3AAGIT0I4Nw=
github.com/go-gl/glfw/v3.3/glfw v0.0.0-20221017161538-93cebf72946b h1:GgabKamyOYguHqHjSkDACcgoPIz3w0Dis/zJ1wyHHHU=
github.com/go-gl/glfw/v3.3/glfw v0.0.0-20221017161538-93cebf72946b/go.mod h1:tQ2UAYgL5IevRw8kRxooKSPJfGvJ9fJQFa0TUsXzTg8=
github.com/go-text/typesetting v0.0.0-20230405155246-bf9c697c6e16 h1:DvHeDNqK8cxdZ7C6y88pt3uE7euZH7/LluzyfnUfH/Q=
github.com/go-text/typesetting v0.0.0-20230405155246-bf9c697c6e16/go.mod h1:zvWM81wAVW6QfVDI6yxfbCuoLnobSYTuMsrXU/u11y8=
github.com/godbus/dbus/v5 v5.1.0 h1:4KLkAxT3aOY8Li4FRJe/KvhoNFFxo0m6fNuFUO8QJUk=
github.com/godbus/dbus/v5 v5.1.0/go.mod h1:xhWf0FNVPg57R7Z0UbKHbJfkEywrmjJnf7w5xrFpKfA=
github.com/goki/freetype v0.0.0-20220119013949-7a161fd3728c h1:JGCm/+tJ9gC6THUxooTldS+CUDsba0qvkvU3DHklqW8=
github.com/goki/freetype v0.0.0-20220119013949-7a161fd3728c/go.mod h1:wfqRWLHRBsRgkp5dmbG56SA0DmVtwrF5N3oPdI8t+Aw=
github.com/gopherjs/gopherjs v1.17.2 h1:fQnZVsXk8uxXIStYb0N4bGk7jeyTalG/wsZjQ25dO0g=
github.com/gopherjs/gopherjs v1.17.2/go.mod h1:pRRIvn/QzFLrKfvEz3qUuEhtE/zLCWfreZ6J5gM2i+k=
github.com/jsummers/gobmp v0.0.0-20151104160322-e2ba15ffa76e h1:LvL4XsI70QxOGHed6yhQtAU34Kx3Qq2wwBzGFKY8zKk=
github.com/jsummers/gobmp v0.0.0-20151104160322-e2ba15ffa76e/go.mod h1:kLgvv7o6UM+0QSf0QjAse3wReFDsb9qbZJdfexWlrQw=
github.com/pmezard/go-difflib v1.0.0 h1:4DBwDE0NGyQoBHbLQYPwSUPoCMWR5BEzIk/f1lZbAQM=
github.com/pmezard/go-difflib v1.0.0/go.mod h1:iKH77koFhYxTK1pcRnkKkqfTogsbg7gZNVY4sRDYZ/4=
github.com/srwiley/oksvg v0.0.0-20220731023508-a61f04f16b76 h1:Ga2uagHhDeGysCixLAzH0mS2TU+CrbQavmsHUNkEEVA=
github.com/srwiley/oksvg v0.0.0-20220731023508-a61f04f16b76/go.mod h1:cNQ3dwVJtS5Hmnjxy6AgTPd0Inb3pW05ftPSX7NZO7Q=
github.com/srwiley/rasterx v0.0.0-20210519020934-456a8d69b780 h1:oDMiXaTMyBEuZMU53atpxqYsSB3U1CHkeAu2zr6wTeY=
github.com/srwiley/rasterx v0.0.0-20210519020934-456a8d69b780/go.mod h1:mvWM0+15UqyrFKqdRjY6LuAVJR0HOVhJlEgZ5JWtSWU=
github.com/stretchr/testify v1.8.0 h1:pSgiaMZlXftHpm5L7V1+rVB+AZJydKsMxsQBIJw4PKk=
github.com/stretchr/testify v1.8.0/go.mod h1:yNjHg4UonilssWZ8iaSj1OCr/vHnekPRkoO+kdMU+MU=
github.com/tevino/abool v1.2.0 h1:heAkClL8H6w+mK5md9dzsuohKeXHUpY7Vw0ZCKW+huA=
github.com/tevino/abool v1.2.0/go.mod h1:qc66Pna1RiIsPa7O4Egxxs9OqkuxDX55zznh9K07Tzg=
github.com/yuin/goldmark v1.4.13 h1:fVcFKWvrslecOb/tg+Cc05dkeYx540o0FuFt3nUVDoE=
github.com/yuin/goldmark v1.4.13/go.mod h1:6yULJ656Px+3vBD8DxQVa3kxgyrAnzto9xy5taEt/CY=
golang.org/x/image v0.3.0 h1:HTDXbdK9bjfSWkPzDJIw89W8CAtfFGduujWs33NLLsg=
golang.org/x/image v0.3.0/go.mod h1:fXd9211C/0VTlYuAcOhW8dY/RtEJqODXOWBDpmYBf+A=
golang.org/x/mobile v0.0.0-20211207041440-4e6c2922fdee h1:/tShaw8UTf0XzI8DOZwQHzC7d6Vi3EtrBnftiZ4vAvU=
golang.org/x/mobile v0.0.0-20211207041440-4e6c2922fdee/go.mod h1:pe2sM7Uk+2Su1y7u/6Z8KJ24D7lepUjFZbhFOrmDfuQ=
golang.org/x/net v0.0.0-20220722155237-a158d28d115b h1:PxfKdU9lEEDYjdIzOtC4qFWgkU2rGHdKlKowJSMN9h0=
golang.org/x/net v0.0.0-20220722155237-a158d28d115b/go.mod h1:XRhObCWvk6IyKnWLug+ECip1KBveYUHfp+8e9klMJ9c=
golang.org/x/sys v0.0.0-20220722155257-8c9f86f7a55f h1:v4INt8xihDGvnrfjMDVXGxw9wrfxYyCjk0KbXjhR55s=
golang.org/x/sys v0.0.0-20220722155257-8c9f86f7a55f/go.mod h1:oPkhp1MJrh7nUepCBck5+mAzfO9JrbApNNgaTdGDITg=
golang.org/x/text v0.6.0 h1:3XmdazWV+ubf7QgHSTWeykHOci5oeekaGJBLkrkaw4k=
golang.org/x/text v0.6.0/go.mod h1:mrYo+phRRbMaCq/xk9113O4dZlRixOauAjOtrjsXDZ8=
gopkg.in/yaml.v3 v3.0.1 h1:fxVm/GzAzEWqLHuvctI91KS9hhNmmWOoWu0XTYJS7CA=
gopkg.in/yaml.v3 v3.0.1/go.mod h1:K4uyk7z7BCEPqu6E+C64Yfv1cQ7kz7rIZviUmN+EgEM=
honnef.co/go/js/dom v0.0.0-20210725211120-f030747120f2 h1:oomkgU6VaQDsV6qZby2uz1Lap0eXmku8+2em3A/l700=
honnef.co/go/js/dom v0.0.0-20210725211120-f030747120f2/go.mod h1:sUMDUKNB2ZcVjt92UnLy3cdGs+wDAcrPdV3JP6sVgA4=
